
Microsoft Visual Studio Solution File, Format Version 12.00
# Visual Studio Version 16
VisualStudioVersion = 16.0.29920.165
MinimumVisualStudioVersion = 10.0.40219.1
Project("{FAE04EC0-301F-11D3-BF4B-00C04F79EFBC}") = "ChamaPowerShell2", "ChamaPowerShell2\ChamaPowerShell2.csproj", "{8F609061-F037-461A-BCC4-090FBB4A765F}"
EndProject
Global
	GlobalSection(SolutionConfigurationPlatforms) = preSolution
		Debug|Any CPU = Debug|Any CPU
		Release|Any CPU = Release|Any CPU
	EndGlobalSection
	GlobalSection(ProjectConfigurationPlatforms) = postSolution
		{8F609061-F037-461A-BCC4-090FBB4A765F}.Debug|Any CPU.ActiveCfg = Debug|Any CPU
		{8F609061-F037-461A-BCC4-090FBB4A765F}.Debug|Any CPU.Build.0 = Debug|Any CPU
		{8F609061-F037-461A-BCC4-090FBB4A765F}.Release|Any CPU.ActiveCfg = Release|Any CPU
		{8F609061-F037-461A-BCC4-090FBB4A765F}.Release|Any CPU.Build.0 = Release|Any CPU
	EndGlobalSection
	GlobalSection(SolutionProperties) = preSolution
		HideSolutionNode = FALSE
	EndGlobalSection
	GlobalSection(ExtensibilityGlobals) = postSolution
		SolutionGuid = {D7199234-101A-4CDB-AF92-9EA1EA856AD9}
	EndGlobalSection
EndGlobal
